
Microsoft Visual Studio Solution File, Format Version 12.00
# Visual Studio Version 17
VisualStudioVersion = 17.14.37710.0 d17.14
MinimumVisualStudioVersion = 10.0.40219.1
Project("{FAE04EC0-301F-11D3-BF4B-00C04F79EFBC}") = "hotelrombooking", "hotelrombooking\hotelrombooking.csproj", "{31EF7306-3D94-48B8-A422-E7D4777117EC}"
EndProject
Global
	GlobalSection(SolutionConfigurationPlatforms) = preSolution
		Debug|Any CPU = Debug|Any CPU
		Release|Any CPU = Release|Any CPU
	EndGlobalSection
	GlobalSection(ProjectConfigurationPlatforms) = postSolution
		{31EF7306-3D94-48B8-A422-E7D4777117EC}.Debug|Any CPU.ActiveCfg = Debug|Any CPU
		{31EF7306-3D94-48B8-A422-E7D4777117EC}.Debug|Any CPU.Build.0 = Debug|Any CPU
		{31EF7306-3D94-48B8-A422-E7D4777117EC}.Release|Any CPU.ActiveCfg = Release|Any CPU
		{31EF7306-3D94-48B8-A422-E7D4777117EC}.Release|Any CPU.Build.0 = Release|Any CPU
	EndGlobalSection
	GlobalSection(SolutionProperties) = preSolution
		HideSolutionNode = FALSE
	EndGlobalSection
	GlobalSection(ExtensibilityGlobals) = postSolution
		SolutionGuid = {EA230E05-DB3C-4AF9-AA01-662A2D71767C}
	EndGlobalSection
EndGlobal
